dependencies:
  espp/base_component:
    component_hash: 2385ba0096f7a12affef3f4c934fabc9a433fd20b69c9b03cfd5ea50195633db
    dependencies:
    - name: espp/logger
      registry_url: https://components.espressif.com
      require: private
      version: '>=1.0'
    - name: idf
      require: private
      version: '>=5.0'
    source:
      registry_url: https://components.espressif.com
      type: service
    version: 1.1.4
  espp/format:
    component_hash: 345ec7e663bb12db94448d9916e64daf7f562694bc9d66553d99c2ebafeca12d
    dependencies:
    - name: idf
      require: private
      version: '>=5.0'
    source:
      registry_url: https://components.espressif.com
      type: service
    version: 1.1.4
  espp/logger:
    component_hash: de1cfab29f985c5774c5da8f74b938fc016e71b21609a459bc757835c94e4709
    dependencies:
    - name: espp/format
      registry_url: https://components.espressif.com
      require: private
      version: '>=1.0'
    - name: idf
      require: private
      version: '>=5.0'
    source:
      registry_url: https://components.espressif.com
      type: service
    version: 1.1.4
  espp/spi:
    component_hash: 661ce4fd9866adfc4a129b6d3040b9be71b80303b26fbf126594647535bea924
    dependencies:
    - name: espp/base_component
      registry_url: https://components.espressif.com
      require: private
      version: '>=1.0'
    - name: espp/task
      registry_url: https://components.espressif.com
      require: private
      version: '>=1.0'
    - name: idf
      require: private
      version: '>=5.0'
    source:
      registry_url: https://components.espressif.com/
      type: service
    version: 1.1.4
  espp/task:
    component_hash: fd9ca9ce46887136051c9234a2ded8c7f2ef95d0430226791dbfd0f33acf9a1a
    dependencies:
    - name: espp/base_component
      registry_url: https://components.espressif.com
      require: private
      version: '>=1.0'
    - name: idf
      require: private
      version: '>=5.0'
    source:
      registry_url: https://components.espressif.com
      type: service
    version: 1.1.4
  espressif/esp_lvgl_port:
    component_hash: fb6c1fdfe70d4ca39a035d63ca394a35f17ec84ce16ff98ecb13a54155d75da4
    dependencies:
    - name: idf
      require: private
      version: '>=5.2'
    - name: lvgl/lvgl
      registry_url: https://components.espressif.com
      require: public
      version: '>=8,<10'
    source:
      registry_url: https://components.espressif.com/
      type: service
    version: 2.8.0~1
  idf:
    source:
      type: idf
    version: 6.0.2
  lvgl/lvgl:
    component_hash: 184e532558c1c45fefed631f3e235423d22582aafb4630f3e8885c35281a49ae
    dependencies: []
    source:
      registry_url: https://components.espressif.com
      type: service
    version: 9.5.0
  waveshare/esp_lcd_st7735:
    component_hash: bf2af3e1b6c6388030d7922f2fa2a2d4efd179561ed0ea7fc89cd7d0b7ac6a52
    dependencies: []
    source:
      registry_url: https://components.espressif.com/
      type: service
    version: 2.0.0
direct_dependencies:
- espp/spi
- espressif/esp_lvgl_port
- idf
- waveshare/esp_lcd_st7735
manifest_hash: ed861723dcf7603417935bf0efc73c3d23fd2c1155cbce444c439c87d415090c
target: esp32s2
version: 3.0.0
