dependencies:
  espp/base_component:
    component_hash: 20699baa1c55a370c94e706b389e11c92be8677dab401f74e1617a3ec0375569
    dependencies:
    - name: espp/logger
      registry_url: https://components.espressif.com
      require: private
      version: '>=1.0'
    - name: idf
      require: private
      version: '>=5.0'
    source:
      registry_url: https://components.espressif.com
      type: service
    version: 1.1.6
  espp/format:
    component_hash: d506a9792ce7fe084c90f017f25b0bdaba21ddd818cf8cbf832aa0ea11a14b68
    dependencies:
    - name: idf
      require: private
      version: '>=5.0'
    source:
      registry_url: https://components.espressif.com
      type: service
    version: 1.1.6
  espp/logger:
    component_hash: 1519eb5330b436465d4a5dd21734c92505716df952feb21fdaece95282c21431
    dependencies:
    - name: espp/format
      registry_url: https://components.espressif.com
      require: private
      version: '>=1.0'
    - name: idf
      require: private
      version: '>=5.0'
    source:
      registry_url: https://components.espressif.com
      type: service
    version: 1.1.6
  espp/spi:
    component_hash: 661ce4fd9866adfc4a129b6d3040b9be71b80303b26fbf126594647535bea924
    dependencies:
    - name: espp/base_component
      registry_url: https://components.espressif.com
      require: private
      version: '>=1.0'
    - name: espp/task
      registry_url: https://components.espressif.com
      require: private
      version: '>=1.0'
    - name: idf
      require: private
      version: '>=5.0'
    source:
      registry_url: https://components.espressif.com/
      type: service
    version: 1.1.4
  espp/task:
    component_hash: f1a359549faf437e16688dc265602abf94269ee116de3cf868121737ae954d79
    dependencies:
    - name: espp/base_component
      registry_url: https://components.espressif.com
      require: private
      version: '>=1.0'
    - name: idf
      require: private
      version: '>=5.0'
    source:
      registry_url: https://components.espressif.com
      type: service
    version: 1.1.6
  espressif/esp_lvgl_port:
    component_hash: fb6c1fdfe70d4ca39a035d63ca394a35f17ec84ce16ff98ecb13a54155d75da4
    dependencies:
    - name: idf
      require: private
      version: '>=5.2'
    - name: lvgl/lvgl
      registry_url: https://components.espressif.com
      require: public
      version: '>=8,<10'
    source:
      registry_url: https://components.espressif.com/
      type: service
    version: 2.8.0~1
  idf:
    source:
      type: idf
    version: 6.0.2
  lvgl/lvgl:
    component_hash: 184e532558c1c45fefed631f3e235423d22582aafb4630f3e8885c35281a49ae
    dependencies: []
    source:
      registry_url: https://components.espressif.com/
      type: service
    version: 9.5.0
  waveshare/esp_lcd_st7735:
    component_hash: bf2af3e1b6c6388030d7922f2fa2a2d4efd179561ed0ea7fc89cd7d0b7ac6a52
    dependencies: []
    source:
      registry_url: https://components.espressif.com/
      type: service
    version: 2.0.0
direct_dependencies:
- espp/spi
- espressif/esp_lvgl_port
- idf
- lvgl/lvgl
- waveshare/esp_lcd_st7735
manifest_hash: e3328667a8efb776f78177ce2cc45ee4ca81b9878f93f4765b28155c7522a16b
target: esp32s2
version: 3.0.0
